
Microsoft Visual Studio Solution File, Format Version 12.00
# Visual Studio Version 17
VisualStudioVersion = 17.0.31903.59
MinimumVisualStudioVersion = 10.0.40219.1
Project("{FAE04EC0-301F-11D3-BF4B-00C04F79EFBC}") = "NumberGuessing.Cli", "NumberGuessing.Cli\NumberGuessing.Cli.csproj", "{AD2D0D51-AD2A-4AD0-9065-4424425DD1C8}"
EndProject
Project("{FAE04EC0-301F-11D3-BF4B-00C04F79EFBC}") = "NumberGuessing.Library", "NumberGuessing.Library\NumberGuessing.Library.csproj", "{810E6D11-153E-4D0E-84D5-357E1FD70D3C}"
EndProject
Global
	GlobalSection(SolutionConfigurationPlatforms) = preSolution
		Debug|Any CPU = Debug|Any CPU
		Release|Any CPU = Release|Any CPU
	EndGlobalSection
	GlobalSection(SolutionProperties) = preSolution
		HideSolutionNode = FALSE
	EndGlobalSection
	GlobalSection(ProjectConfigurationPlatforms) = postSolution
		{AD2D0D51-AD2A-4AD0-9065-4424425DD1C8}.Debug|Any CPU.ActiveCfg = Debug|Any CPU
		{AD2D0D51-AD2A-4AD0-9065-4424425DD1C8}.Debug|Any CPU.Build.0 = Debug|Any CPU
		{AD2D0D51-AD2A-4AD0-9065-4424425DD1C8}.Release|Any CPU.ActiveCfg = Release|Any CPU
		{AD2D0D51-AD2A-4AD0-9065-4424425DD1C8}.Release|Any CPU.Build.0 = Release|Any CPU
		{810E6D11-153E-4D0E-84D5-357E1FD70D3C}.Debug|Any CPU.ActiveCfg = Debug|Any CPU
		{810E6D11-153E-4D0E-84D5-357E1FD70D3C}.Debug|Any CPU.Build.0 = Debug|Any CPU
		{810E6D11-153E-4D0E-84D5-357E1FD70D3C}.Release|Any CPU.ActiveCfg = Release|Any CPU
		{810E6D11-153E-4D0E-84D5-357E1FD70D3C}.Release|Any CPU.Build.0 = Release|Any CPU
	EndGlobalSection
EndGlobal
